
Microsoft Visual Studio Solution File, Format Version 12.00
# Visual Studio Version 17
VisualStudioVersion = 17.0.31903.59
MinimumVisualStudioVersion = 10.0.40219.1
Project("{2150E333-8FDC-42A3-9474-1A3956D46DE8}") = "src", "src", "{827E0CD3-B72D-47B6-A68D-7590B98EB39B}"
EndProject
Project("{FAE04EC0-301F-11D3-BF4B-00C04F79EFBC}") = "PokedexG.Core", "src\PokedexG.Core\PokedexG.Core.csproj", "{1DFD853F-CEC9-4256-B2AF-D1382A75C0A4}"
EndProject
Project("{FAE04EC0-301F-11D3-BF4B-00C04F79EFBC}") = "PokedexG.Data", "src\PokedexG.Data\PokedexG.Data.csproj", "{D1A1098F-03D1-4C8E-8497-A6FBE796B6BB}"
EndProject
Project("{FAE04EC0-301F-11D3-BF4B-00C04F79EFBC}") = "PokedexG.DataGen", "src\PokedexG.DataGen\PokedexG.DataGen.csproj", "{088EA48D-C2A7-4BB1-B795-AFAA70AF0294}"
EndProject
Project("{FAE04EC0-301F-11D3-BF4B-00C04F79EFBC}") = "PokedexG.Web", "src\PokedexG.Web\PokedexG.Web.csproj", "{C55E97E6-605E-43C7-8E10-33330BCB2F77}"
EndProject
Project("{2150E333-8FDC-42A3-9474-1A3956D46DE8}") = "tests", "tests", "{0AB3BF05-4346-4AA6-1389-037BE0695223}"
EndProject
Project("{FAE04EC0-301F-11D3-BF4B-00C04F79EFBC}") = "PokedexG.Core.Tests", "tests\PokedexG.Core.Tests\PokedexG.Core.Tests.csproj", "{B4ADA100-B284-4DC1-A7B0-EAD6A9AF34C0}"
EndProject
Global
	GlobalSection(SolutionConfigurationPlatforms) = preSolution
		Debug|Any CPU = Debug|Any CPU
		Debug|x64 = Debug|x64
		Debug|x86 = Debug|x86
		Release|Any CPU = Release|Any CPU
		Release|x64 = Release|x64
		Release|x86 = Release|x86
	EndGlobalSection
	GlobalSection(ProjectConfigurationPlatforms) = postSolution
		{1DFD853F-CEC9-4256-B2AF-D1382A75C0A4}.Debug|Any CPU.ActiveCfg = Debug|Any CPU
		{1DFD853F-CEC9-4256-B2AF-D1382A75C0A4}.Debug|Any CPU.Build.0 = Debug|Any CPU
		{1DFD853F-CEC9-4256-B2AF-D1382A75C0A4}.Debug|x64.ActiveCfg = Debug|Any CPU
		{1DFD853F-CEC9-4256-B2AF-D1382A75C0A4}.Debug|x64.Build.0 = Debug|Any CPU
		{1DFD853F-CEC9-4256-B2AF-D1382A75C0A4}.Debug|x86.ActiveCfg = Debug|Any CPU
		{1DFD853F-CEC9-4256-B2AF-D1382A75C0A4}.Debug|x86.Build.0 = Debug|Any CPU
		{1DFD853F-CEC9-4256-B2AF-D1382A75C0A4}.Release|Any CPU.ActiveCfg = Release|Any CPU
		{1DFD853F-CEC9-4256-B2AF-D1382A75C0A4}.Release|Any CPU.Build.0 = Release|Any CPU
		{1DFD853F-CEC9-4256-B2AF-D1382A75C0A4}.Release|x64.ActiveCfg = Release|Any CPU
		{1DFD853F-CEC9-4256-B2AF-D1382A75C0A4}.Release|x64.Build.0 = Release|Any CPU
		{1DFD853F-CEC9-4256-B2AF-D1382A75C0A4}.Release|x86.ActiveCfg = Release|Any CPU
		{1DFD853F-CEC9-4256-B2AF-D1382A75C0A4}.Release|x86.Build.0 = Release|Any CPU
		{D1A1098F-03D1-4C8E-8497-A6FBE796B6BB}.Debug|Any CPU.ActiveCfg = Debug|Any CPU
		{D1A1098F-03D1-4C8E-8497-A6FBE796B6BB}.Debug|Any CPU.Build.0 = Debug|Any CPU
		{D1A1098F-03D1-4C8E-8497-A6FBE796B6BB}.Debug|x64.ActiveCfg = Debug|Any CPU
		{D1A1098F-03D1-4C8E-8497-A6FBE796B6BB}.Debug|x64.Build.0 = Debug|Any CPU
		{D1A1098F-03D1-4C8E-8497-A6FBE796B6BB}.Debug|x86.ActiveCfg = Debug|Any CPU
		{D1A1098F-03D1-4C8E-8497-A6FBE796B6BB}.Debug|x86.Build.0 = Debug|Any CPU
		{D1A1098F-03D1-4C8E-8497-A6FBE796B6BB}.Release|Any CPU.ActiveCfg = Release|Any CPU
		{D1A1098F-03D1-4C8E-8497-A6FBE796B6BB}.Release|Any CPU.Build.0 = Release|Any CPU
		{D1A1098F-03D1-4C8E-8497-A6FBE796B6BB}.Release|x64.ActiveCfg = Release|Any CPU
		{D1A1098F-03D1-4C8E-8497-A6FBE796B6BB}.Release|x64.Build.0 = Release|Any CPU
		{D1A1098F-03D1-4C8E-8497-A6FBE796B6BB}.Release|x86.ActiveCfg = Release|Any CPU
		{D1A1098F-03D1-4C8E-8497-A6FBE796B6BB}.Release|x86.Build.0 = Release|Any CPU
		{088EA48D-C2A7-4BB1-B795-AFAA70AF0294}.Debug|Any CPU.ActiveCfg = Debug|Any CPU
		{088EA48D-C2A7-4BB1-B795-AFAA70AF0294}.Debug|Any CPU.Build.0 = Debug|Any CPU
		{088EA48D-C2A7-4BB1-B795-AFAA70AF0294}.Debug|x64.ActiveCfg = Debug|Any CPU
		{088EA48D-C2A7-4BB1-B795-AFAA70AF0294}.Debug|x64.Build.0 = Debug|Any CPU
		{088EA48D-C2A7-4BB1-B795-AFAA70AF0294}.Debug|x86.ActiveCfg = Debug|Any CPU
		{088EA48D-C2A7-4BB1-B795-AFAA70AF0294}.Debug|x86.Build.0 = Debug|Any CPU
		{088EA48D-C2A7-4BB1-B795-AFAA70AF0294}.Release|Any CPU.ActiveCfg = Release|Any CPU
		{088EA48D-C2A7-4BB1-B795-AFAA70AF0294}.Release|Any CPU.Build.0 = Release|Any CPU
		{088EA48D-C2A7-4BB1-B795-AFAA70AF0294}.Release|x64.ActiveCfg = Release|Any CPU
		{088EA48D-C2A7-4BB1-B795-AFAA70AF0294}.Release|x64.Build.0 = Release|Any CPU
		{088EA48D-C2A7-4BB1-B795-AFAA70AF0294}.Release|x86.ActiveCfg = Release|Any CPU
		{088EA48D-C2A7-4BB1-B795-AFAA70AF0294}.Release|x86.Build.0 = Release|Any CPU
		{C55E97E6-605E-43C7-8E10-33330BCB2F77}.Debug|Any CPU.ActiveCfg = Debug|Any CPU
		{C55E97E6-605E-43C7-8E10-33330BCB2F77}.Debug|Any CPU.Build.0 = Debug|Any CPU
		{C55E97E6-605E-43C7-8E10-33330BCB2F77}.Debug|x64.ActiveCfg = Debug|Any CPU
		{C55E97E6-605E-43C7-8E10-33330BCB2F77}.Debug|x64.Build.0 = Debug|Any CPU
		{C55E97E6-605E-43C7-8E10-33330BCB2F77}.Debug|x86.ActiveCfg = Debug|Any CPU
		{C55E97E6-605E-43C7-8E10-33330BCB2F77}.Debug|x86.Build.0 = Debug|Any CPU
		{C55E97E6-605E-43C7-8E10-33330BCB2F77}.Release|Any CPU.ActiveCfg = Release|Any CPU
		{C55E97E6-605E-43C7-8E10-33330BCB2F77}.Release|Any CPU.Build.0 = Release|Any CPU
		{C55E97E6-605E-43C7-8E10-33330BCB2F77}.Release|x64.ActiveCfg = Release|Any CPU
		{C55E97E6-605E-43C7-8E10-33330BCB2F77}.Release|x64.Build.0 = Release|Any CPU
		{C55E97E6-605E-43C7-8E10-33330BCB2F77}.Release|x86.ActiveCfg = Release|Any CPU
		{C55E97E6-605E-43C7-8E10-33330BCB2F77}.Release|x86.Build.0 = Release|Any CPU
		{B4ADA100-B284-4DC1-A7B0-EAD6A9AF34C0}.Debug|Any CPU.ActiveCfg = Debug|Any CPU
		{B4ADA100-B284-4DC1-A7B0-EAD6A9AF34C0}.Debug|Any CPU.Build.0 = Debug|Any CPU
		{B4ADA100-B284-4DC1-A7B0-EAD6A9AF34C0}.Debug|x64.ActiveCfg = Debug|Any CPU
		{B4ADA100-B284-4DC1-A7B0-EAD6A9AF34C0}.Debug|x64.Build.0 = Debug|Any CPU
		{B4ADA100-B284-4DC1-A7B0-EAD6A9AF34C0}.Debug|x86.ActiveCfg = Debug|Any CPU
		{B4ADA100-B284-4DC1-A7B0-EAD6A9AF34C0}.Debug|x86.Build.0 = Debug|Any CPU
		{B4ADA100-B284-4DC1-A7B0-EAD6A9AF34C0}.Release|Any CPU.ActiveCfg = Release|Any CPU
		{B4ADA100-B284-4DC1-A7B0-EAD6A9AF34C0}.Release|Any CPU.Build.0 = Release|Any CPU
		{B4ADA100-B284-4DC1-A7B0-EAD6A9AF34C0}.Release|x64.ActiveCfg = Release|Any CPU
		{B4ADA100-B284-4DC1-A7B0-EAD6A9AF34C0}.Release|x64.Build.0 = Release|Any CPU
		{B4ADA100-B284-4DC1-A7B0-EAD6A9AF34C0}.Release|x86.ActiveCfg = Release|Any CPU
		{B4ADA100-B284-4DC1-A7B0-EAD6A9AF34C0}.Release|x86.Build.0 = Release|Any CPU
	EndGlobalSection
	GlobalSection(SolutionProperties) = preSolution
		HideSolutionNode = FALSE
	EndGlobalSection
	GlobalSection(NestedProjects) = preSolution
		{1DFD853F-CEC9-4256-B2AF-D1382A75C0A4} = {827E0CD3-B72D-47B6-A68D-7590B98EB39B}
		{D1A1098F-03D1-4C8E-8497-A6FBE796B6BB} = {827E0CD3-B72D-47B6-A68D-7590B98EB39B}
		{088EA48D-C2A7-4BB1-B795-AFAA70AF0294} = {827E0CD3-B72D-47B6-A68D-7590B98EB39B}
		{C55E97E6-605E-43C7-8E10-33330BCB2F77} = {827E0CD3-B72D-47B6-A68D-7590B98EB39B}
		{B4ADA100-B284-4DC1-A7B0-EAD6A9AF34C0} = {0AB3BF05-4346-4AA6-1389-037BE0695223}
	EndGlobalSection
EndGlobal
